
Microsoft Visual Studio Solution File, Format Version 12.00
# Visual Studio Version 16
Project("{2150E333-8FDC-42A3-9474-1A3956D46DE8}") = "Services", "Services", "{E6A75175-5794-4287-A726-A940FAAC0742}"
EndProject
Project("{2150E333-8FDC-42A3-9474-1A3956D46DE8}") = "Catalog", "Catalog", "{40B3C449-9D9D-41D1-AE2D-884AAB160A96}"
EndProject
Project("{E53339B2-1760-4266-BCC7-CA923CBCF16C}") = "docker-compose", "docker-compose.dcproj", "{E05F817D-3794-49DB-A1A5-AAFDBAA677C6}"
EndProject
Project("{2150E333-8FDC-42A3-9474-1A3956D46DE8}") = "Basket", "Basket", "{1D18C06C-F8E2-4925-94A4-51DCC8A7B16D}"
EndProject
Project("{FAE04EC0-301F-11D3-BF4B-00C04F79EFBC}") = "Basket.API", "Services\Basket\Basket.API\Basket.API.csproj", "{D3BA33AD-BF3E-4364-87D4-5BF8370C731D}"
EndProject
Project("{FAE04EC0-301F-11D3-BF4B-00C04F79EFBC}") = "CatalogService.API", "Services\Catalog\CatalogService.API\CatalogService.API.csproj", "{5C2D2B00-88F6-457B-8B93-52589324B000}"
EndProject
Project("{2150E333-8FDC-42A3-9474-1A3956D46DE8}") = "Discount", "Discount", "{56FA0FEA-3F07-42D0-8A2F-1DBCC4A749D3}"
EndProject
Project("{FAE04EC0-301F-11D3-BF4B-00C04F79EFBC}") = "Discount.API", "Services\Discount\Discount.API\Discount.API.csproj", "{0C593E81-6ECF-4336-971E-6369A17A95DB}"
EndProject
Project("{FAE04EC0-301F-11D3-BF4B-00C04F79EFBC}") = "Discount.Grpc", "Services\Discount\Discount.Grpc\Discount.Grpc.csproj", "{3996775B-E702-48C2-978E-F212D035E8F1}"
EndProject
Project("{2150E333-8FDC-42A3-9474-1A3956D46DE8}") = "Ordering", "Ordering", "{63F6CA4D-633E-4531-9B39-00C71EDCA765}"
EndProject
Project("{FAE04EC0-301F-11D3-BF4B-00C04F79EFBC}") = "Ordering.APi", "Services\Ordering\Ordering.APi\Ordering.APi.csproj", "{F14AD868-6191-43DE-99EA-B25EF89AAFBE}"
EndProject
Project("{FAE04EC0-301F-11D3-BF4B-00C04F79EFBC}") = "Ordering.Domain", "Services\Ordering\Ordering.Domain\Ordering.Domain.csproj", "{F1A2C670-66BD-4DE1-BFFD-819176455A34}"
EndProject
Project("{FAE04EC0-301F-11D3-BF4B-00C04F79EFBC}") = "Ordering.Application", "Services\Ordering\Ordering.Application\Ordering.Application.csproj", "{F4FF44EF-AB90-4B7A-9421-3D69A1F0B095}"
EndProject
Project("{FAE04EC0-301F-11D3-BF4B-00C04F79EFBC}") = "Ordering.Infrastructure", "Services\Ordering\Ordering.Infrastructure\Ordering.Infrastructure.csproj", "{3D467896-571D-4615-A79E-AE1E1917F6BC}"
EndProject
Project("{2150E333-8FDC-42A3-9474-1A3956D46DE8}") = "BuildingBlocks", "BuildingBlocks", "{FF5D3B91-2435-4810-8B99-54928D663E9C}"
EndProject
Project("{FAE04EC0-301F-11D3-BF4B-00C04F79EFBC}") = "EventBus.Messages", "BuildingBlocks\EventBus.Messages\EventBus.Messages.csproj", "{FA36CF03-D5AB-4F63-B95A-6D1D2839CD99}"
EndProject
Global
	GlobalSection(SolutionConfigurationPlatforms) = preSolution
		Debug|Any CPU = Debug|Any CPU
		Release|Any CPU = Release|Any CPU
	EndGlobalSection
	GlobalSection(NestedProjects) = preSolution
		{40B3C449-9D9D-41D1-AE2D-884AAB160A96} = {E6A75175-5794-4287-A726-A940FAAC0742}
		{1D18C06C-F8E2-4925-94A4-51DCC8A7B16D} = {E6A75175-5794-4287-A726-A940FAAC0742}
		{D3BA33AD-BF3E-4364-87D4-5BF8370C731D} = {1D18C06C-F8E2-4925-94A4-51DCC8A7B16D}
		{5C2D2B00-88F6-457B-8B93-52589324B000} = {40B3C449-9D9D-41D1-AE2D-884AAB160A96}
		{56FA0FEA-3F07-42D0-8A2F-1DBCC4A749D3} = {E6A75175-5794-4287-A726-A940FAAC0742}
		{0C593E81-6ECF-4336-971E-6369A17A95DB} = {56FA0FEA-3F07-42D0-8A2F-1DBCC4A749D3}
		{3996775B-E702-48C2-978E-F212D035E8F1} = {56FA0FEA-3F07-42D0-8A2F-1DBCC4A749D3}
		{63F6CA4D-633E-4531-9B39-00C71EDCA765} = {E6A75175-5794-4287-A726-A940FAAC0742}
		{F14AD868-6191-43DE-99EA-B25EF89AAFBE} = {63F6CA4D-633E-4531-9B39-00C71EDCA765}
		{F1A2C670-66BD-4DE1-BFFD-819176455A34} = {63F6CA4D-633E-4531-9B39-00C71EDCA765}
		{F4FF44EF-AB90-4B7A-9421-3D69A1F0B095} = {63F6CA4D-633E-4531-9B39-00C71EDCA765}
		{3D467896-571D-4615-A79E-AE1E1917F6BC} = {63F6CA4D-633E-4531-9B39-00C71EDCA765}
		{FA36CF03-D5AB-4F63-B95A-6D1D2839CD99} = {FF5D3B91-2435-4810-8B99-54928D663E9C}
	EndGlobalSection
	GlobalSection(ProjectConfigurationPlatforms) = postSolution
		{E05F817D-3794-49DB-A1A5-AAFDBAA677C6}.Debug|Any CPU.ActiveCfg = Debug|Any CPU
		{E05F817D-3794-49DB-A1A5-AAFDBAA677C6}.Debug|Any CPU.Build.0 = Debug|Any CPU
		{E05F817D-3794-49DB-A1A5-AAFDBAA677C6}.Release|Any CPU.ActiveCfg = Release|Any CPU
		{E05F817D-3794-49DB-A1A5-AAFDBAA677C6}.Release|Any CPU.Build.0 = Release|Any CPU
		{D3BA33AD-BF3E-4364-87D4-5BF8370C731D}.Debug|Any CPU.ActiveCfg = Debug|Any CPU
		{D3BA33AD-BF3E-4364-87D4-5BF8370C731D}.Debug|Any CPU.Build.0 = Debug|Any CPU
		{D3BA33AD-BF3E-4364-87D4-5BF8370C731D}.Release|Any CPU.ActiveCfg = Release|Any CPU
		{D3BA33AD-BF3E-4364-87D4-5BF8370C731D}.Release|Any CPU.Build.0 = Release|Any CPU
		{5C2D2B00-88F6-457B-8B93-52589324B000}.Debug|Any CPU.ActiveCfg = Debug|Any CPU
		{5C2D2B00-88F6-457B-8B93-52589324B000}.Debug|Any CPU.Build.0 = Debug|Any CPU
		{5C2D2B00-88F6-457B-8B93-52589324B000}.Release|Any CPU.ActiveCfg = Release|Any CPU
		{5C2D2B00-88F6-457B-8B93-52589324B000}.Release|Any CPU.Build.0 = Release|Any CPU
		{0C593E81-6ECF-4336-971E-6369A17A95DB}.Debug|Any CPU.ActiveCfg = Debug|Any CPU
		{0C593E81-6ECF-4336-971E-6369A17A95DB}.Debug|Any CPU.Build.0 = Debug|Any CPU
		{0C593E81-6ECF-4336-971E-6369A17A95DB}.Release|Any CPU.ActiveCfg = Release|Any CPU
		{0C593E81-6ECF-4336-971E-6369A17A95DB}.Release|Any CPU.Build.0 = Release|Any CPU
		{3996775B-E702-48C2-978E-F212D035E8F1}.Debug|Any CPU.ActiveCfg = Debug|Any CPU
		{3996775B-E702-48C2-978E-F212D035E8F1}.Debug|Any CPU.Build.0 = Debug|Any CPU
		{3996775B-E702-48C2-978E-F212D035E8F1}.Release|Any CPU.ActiveCfg = Release|Any CPU
		{3996775B-E702-48C2-978E-F212D035E8F1}.Release|Any CPU.Build.0 = Release|Any CPU
		{F14AD868-6191-43DE-99EA-B25EF89AAFBE}.Debug|Any CPU.ActiveCfg = Debug|Any CPU
		{F14AD868-6191-43DE-99EA-B25EF89AAFBE}.Debug|Any CPU.Build.0 = Debug|Any CPU
		{F14AD868-6191-43DE-99EA-B25EF89AAFBE}.Release|Any CPU.ActiveCfg = Release|Any CPU
		{F14AD868-6191-43DE-99EA-B25EF89AAFBE}.Release|Any CPU.Build.0 = Release|Any CPU
		{F1A2C670-66BD-4DE1-BFFD-819176455A34}.Debug|Any CPU.ActiveCfg = Debug|Any CPU
		{F1A2C670-66BD-4DE1-BFFD-819176455A34}.Debug|Any CPU.Build.0 = Debug|Any CPU
		{F1A2C670-66BD-4DE1-BFFD-819176455A34}.Release|Any CPU.ActiveCfg = Release|Any CPU
		{F1A2C670-66BD-4DE1-BFFD-819176455A34}.Release|Any CPU.Build.0 = Release|Any CPU
		{F4FF44EF-AB90-4B7A-9421-3D69A1F0B095}.Debug|Any CPU.ActiveCfg = Debug|Any CPU
		{F4FF44EF-AB90-4B7A-9421-3D69A1F0B095}.Debug|Any CPU.Build.0 = Debug|Any CPU
		{F4FF44EF-AB90-4B7A-9421-3D69A1F0B095}.Release|Any CPU.ActiveCfg = Release|Any CPU
		{F4FF44EF-AB90-4B7A-9421-3D69A1F0B095}.Release|Any CPU.Build.0 = Release|Any CPU
		{3D467896-571D-4615-A79E-AE1E1917F6BC}.Debug|Any CPU.ActiveCfg = Debug|Any CPU
		{3D467896-571D-4615-A79E-AE1E1917F6BC}.Debug|Any CPU.Build.0 = Debug|Any CPU
		{3D467896-571D-4615-A79E-AE1E1917F6BC}.Release|Any CPU.ActiveCfg = Release|Any CPU
		{3D467896-571D-4615-A79E-AE1E1917F6BC}.Release|Any CPU.Build.0 = Release|Any CPU
		{FA36CF03-D5AB-4F63-B95A-6D1D2839CD99}.Debug|Any CPU.ActiveCfg = Debug|Any CPU
		{FA36CF03-D5AB-4F63-B95A-6D1D2839CD99}.Debug|Any CPU.Build.0 = Debug|Any CPU
		{FA36CF03-D5AB-4F63-B95A-6D1D2839CD99}.Release|Any CPU.ActiveCfg = Release|Any CPU
		{FA36CF03-D5AB-4F63-B95A-6D1D2839CD99}.Release|Any CPU.Build.0 = Release|Any CPU
	EndGlobalSection
EndGlobal
